
Microsoft Visual Studio Solution File, Format Version 12.00
# Visual Studio Version 17
VisualStudioVersion = 17.14.36623.8
MinimumVisualStudioVersion = 10.0.40219.1
Project("{FAE04EC0-301F-11D3-BF4B-00C04F79EFBC}") = "addressbook.Domain", "addressbook.Domain\addressbook.Domain.csproj", "{7C5C2262-E3B3-4C53-BE1C-92EA40CFE02A}"
EndProject
Project("{FAE04EC0-301F-11D3-BF4B-00C04F79EFBC}") = "addressbook.Application", "addressbook.Application\addressbook.Application.csproj", "{E7F28C31-B941-45F7-9999-1777F483CE98}"
EndProject
Project("{FAE04EC0-301F-11D3-BF4B-00C04F79EFBC}") = "addressbook.Infrastructure", "addressbook.Infrastructure\addressbook.Infrastructure.csproj", "{1C2E9901-FFCC-40C4-B489-6119CB611EE4}"
EndProject
Project("{FAE04EC0-301F-11D3-BF4B-00C04F79EFBC}") = "addressbook.Host", "addressbook.Host\addressbook.Host.csproj", "{3B97D0ED-352B-414F-B1E9-9FCB8C0771B6}"
EndProject
Project("{54A90642-561A-4BB1-A94E-469ADEE60C69}") = "addressbook.Front", "addressbook.Front\addressbook.Front.esproj", "{D4024C8E-E125-281C-BFE1-12CA4A00C18C}"
EndProject
Global
	GlobalSection(SolutionConfigurationPlatforms) = preSolution
		Debug|Any CPU = Debug|Any CPU
		Release|Any CPU = Release|Any CPU
	EndGlobalSection
	GlobalSection(ProjectConfigurationPlatforms) = postSolution
		{7C5C2262-E3B3-4C53-BE1C-92EA40CFE02A}.Debug|Any CPU.ActiveCfg = Debug|Any CPU
		{7C5C2262-E3B3-4C53-BE1C-92EA40CFE02A}.Debug|Any CPU.Build.0 = Debug|Any CPU
		{7C5C2262-E3B3-4C53-BE1C-92EA40CFE02A}.Release|Any CPU.ActiveCfg = Release|Any CPU
		{7C5C2262-E3B3-4C53-BE1C-92EA40CFE02A}.Release|Any CPU.Build.0 = Release|Any CPU
		{E7F28C31-B941-45F7-9999-1777F483CE98}.Debug|Any CPU.ActiveCfg = Debug|Any CPU
		{E7F28C31-B941-45F7-9999-1777F483CE98}.Debug|Any CPU.Build.0 = Debug|Any CPU
		{E7F28C31-B941-45F7-9999-1777F483CE98}.Release|Any CPU.ActiveCfg = Release|Any CPU
		{E7F28C31-B941-45F7-9999-1777F483CE98}.Release|Any CPU.Build.0 = Release|Any CPU
		{1C2E9901-FFCC-40C4-B489-6119CB611EE4}.Debug|Any CPU.ActiveCfg = Debug|Any CPU
		{1C2E9901-FFCC-40C4-B489-6119CB611EE4}.Debug|Any CPU.Build.0 = Debug|Any CPU
		{1C2E9901-FFCC-40C4-B489-6119CB611EE4}.Release|Any CPU.ActiveCfg = Release|Any CPU
		{1C2E9901-FFCC-40C4-B489-6119CB611EE4}.Release|Any CPU.Build.0 = Release|Any CPU
		{3B97D0ED-352B-414F-B1E9-9FCB8C0771B6}.Debug|Any CPU.ActiveCfg = Debug|Any CPU
		{3B97D0ED-352B-414F-B1E9-9FCB8C0771B6}.Debug|Any CPU.Build.0 = Debug|Any CPU
		{3B97D0ED-352B-414F-B1E9-9FCB8C0771B6}.Release|Any CPU.ActiveCfg = Release|Any CPU
		{3B97D0ED-352B-414F-B1E9-9FCB8C0771B6}.Release|Any CPU.Build.0 = Release|Any CPU
		{D4024C8E-E125-281C-BFE1-12CA4A00C18C}.Debug|Any CPU.ActiveCfg = Debug|Any CPU
		{D4024C8E-E125-281C-BFE1-12CA4A00C18C}.Debug|Any CPU.Build.0 = Debug|Any CPU
		{D4024C8E-E125-281C-BFE1-12CA4A00C18C}.Debug|Any CPU.Deploy.0 = Debug|Any CPU
		{D4024C8E-E125-281C-BFE1-12CA4A00C18C}.Release|Any CPU.ActiveCfg = Release|Any CPU
		{D4024C8E-E125-281C-BFE1-12CA4A00C18C}.Release|Any CPU.Build.0 = Release|Any CPU
		{D4024C8E-E125-281C-BFE1-12CA4A00C18C}.Release|Any CPU.Deploy.0 = Release|Any CPU
	EndGlobalSection
	GlobalSection(SolutionProperties) = preSolution
		HideSolutionNode = FALSE
	EndGlobalSection
	GlobalSection(ExtensibilityGlobals) = postSolution
		SolutionGuid = {261E28C1-7782-4F7B-B673-49EB2E9DA71A}
	EndGlobalSection
EndGlobal
